
Microsoft Visual Studio Solution File, Format Version 12.00
# Visual Studio Version 16
VisualStudioVersion = 16.0.29911.84
MinimumVisualStudioVersion = 10.0.40219.1
Project("{FAE04EC0-301F-11D3-BF4B-00C04F79EFBC}") = "RummageApp", "RummageApp\RummageApp.csproj", "{E5BD3D97-AE29-4764-AD45-9AC95624BF43}"
EndProject
Global
	GlobalSection(SolutionConfigurationPlatforms) = preSolution
		Debug|Any CPU = Debug|Any CPU
		Release|Any CPU = Release|Any CPU
	EndGlobalSection
	GlobalSection(ProjectConfigurationPlatforms) = postSolution
		{E5BD3D97-AE29-4764-AD45-9AC95624BF43}.Debug|Any CPU.ActiveCfg = Debug|Any CPU
		{E5BD3D97-AE29-4764-AD45-9AC95624BF43}.Debug|Any CPU.Build.0 = Debug|Any CPU
		{E5BD3D97-AE29-4764-AD45-9AC95624BF43}.Release|Any CPU.ActiveCfg = Release|Any CPU
		{E5BD3D97-AE29-4764-AD45-9AC95624BF43}.Release|Any CPU.Build.0 = Release|Any CPU
	EndGlobalSection
	GlobalSection(SolutionProperties) = preSolution
		HideSolutionNode = FALSE
	EndGlobalSection
	GlobalSection(ExtensibilityGlobals) = postSolution
		SolutionGuid = {78B0E226-81B9-4533-BFB6-F5291E763EA0}
	EndGlobalSection
EndGlobal
